
Microsoft Visual Studio Solution File, Format Version 12.00
# Visual Studio 15
Project("{FAE04EC0-301F-11D3-BF4B-00C04F79EFBC}") = "Assembly-CSharp", "Assembly-CSharp.csproj", "{9554F1B0-9F01-426F-BA88-EBEC189A67F0}"
EndProject
Project("{FAE04EC0-301F-11D3-BF4B-00C04F79EFBC}") = "BlockadeLabsSDK.Runtime", "BlockadeLabsSDK.Runtime.csproj", "{E9223E9E-5387-F416-8164-57ABB0AAA48A}"
EndProject
Project("{FAE04EC0-301F-11D3-BF4B-00C04F79EFBC}") = "Assembly-CSharp-Editor", "Assembly-CSharp-Editor.csproj", "{66A034D6-E026-F0A5-B81E-D55F2C77F67B}"
EndProject
Project("{FAE04EC0-301F-11D3-BF4B-00C04F79EFBC}") = "BlockadeLabsSDK.Tests", "BlockadeLabsSDK.Tests.csproj", "{F02442D3-CCA4-1EF3-BE6E-0C6AEC61353B}"
EndProject
Project("{FAE04EC0-301F-11D3-BF4B-00C04F79EFBC}") = "BlockadeLabsSDK.Editor", "BlockadeLabsSDK.Editor.csproj", "{0002B0F6-553C-5B5D-F44C-230BC8AD2E47}"
EndProject
Global
	GlobalSection(SolutionConfigurationPlatforms) = preSolution
		Debug|Any CPU = Debug|Any CPU
		Release|Any CPU = Release|Any CPU
	EndGlobalSection
	GlobalSection(ProjectConfigurationPlatforms) = postSolution
		{9554F1B0-9F01-426F-BA88-EBEC189A67F0}.Debug|Any CPU.ActiveCfg = Debug|Any CPU
		{9554F1B0-9F01-426F-BA88-EBEC189A67F0}.Debug|Any CPU.Build.0 = Debug|Any CPU
		{9554F1B0-9F01-426F-BA88-EBEC189A67F0}.Release|Any CPU.ActiveCfg = Release|Any CPU
		{9554F1B0-9F01-426F-BA88-EBEC189A67F0}.Release|Any CPU.Build.0 = Release|Any CPU
		{E9223E9E-5387-F416-8164-57ABB0AAA48A}.Debug|Any CPU.ActiveCfg = Debug|Any CPU
		{E9223E9E-5387-F416-8164-57ABB0AAA48A}.Debug|Any CPU.Build.0 = Debug|Any CPU
		{E9223E9E-5387-F416-8164-57ABB0AAA48A}.Release|Any CPU.ActiveCfg = Release|Any CPU
		{E9223E9E-5387-F416-8164-57ABB0AAA48A}.Release|Any CPU.Build.0 = Release|Any CPU
		{66A034D6-E026-F0A5-B81E-D55F2C77F67B}.Debug|Any CPU.ActiveCfg = Debug|Any CPU
		{66A034D6-E026-F0A5-B81E-D55F2C77F67B}.Debug|Any CPU.Build.0 = Debug|Any CPU
		{66A034D6-E026-F0A5-B81E-D55F2C77F67B}.Release|Any CPU.ActiveCfg = Release|Any CPU
		{66A034D6-E026-F0A5-B81E-D55F2C77F67B}.Release|Any CPU.Build.0 = Release|Any CPU
		{F02442D3-CCA4-1EF3-BE6E-0C6AEC61353B}.Debug|Any CPU.ActiveCfg = Debug|Any CPU
		{F02442D3-CCA4-1EF3-BE6E-0C6AEC61353B}.Debug|Any CPU.Build.0 = Debug|Any CPU
		{F02442D3-CCA4-1EF3-BE6E-0C6AEC61353B}.Release|Any CPU.ActiveCfg = Release|Any CPU
		{F02442D3-CCA4-1EF3-BE6E-0C6AEC61353B}.Release|Any CPU.Build.0 = Release|Any CPU
		{0002B0F6-553C-5B5D-F44C-230BC8AD2E47}.Debug|Any CPU.ActiveCfg = Debug|Any CPU
		{0002B0F6-553C-5B5D-F44C-230BC8AD2E47}.Debug|Any CPU.Build.0 = Debug|Any CPU
		{0002B0F6-553C-5B5D-F44C-230BC8AD2E47}.Release|Any CPU.ActiveCfg = Release|Any CPU
		{0002B0F6-553C-5B5D-F44C-230BC8AD2E47}.Release|Any CPU.Build.0 = Release|Any CPU
	EndGlobalSection
	GlobalSection(SolutionProperties) = preSolution
		HideSolutionNode = FALSE
	EndGlobalSection
EndGlobal
